{
  "name": "gitmeme",
  "version": "1.0.0",
  "lockfileVersion": 1,
  "requires": true,
  "dependencies": {
    "@types/chrome": {
      "version": "0.0.128",
      "resolved": "https://plangrid.jfrog.io/plangrid/api/npm/npm/@types/chrome/-/chrome-0.0.128.tgz",
      "integrity": "sha1-Xb2LJTmjZzU/vkOG8Rm1EBBfi2o=",
      "requires": {
        "@types/filesystem": "*",
        "@types/har-format": "*"
      }
    },
    "@types/filesystem": {
      "version": "0.0.30",
      "resolved": "https://plangrid.jfrog.io/plangrid/api/npm/npm/@types/filesystem/-/filesystem-0.0.30.tgz",
      "integrity": "sha1-pzc6Lt800T4pi69+4RAfc4su+34=",
      "requires": {
        "@types/filewriter": "*"
      }
    },
    "@types/filewriter": {
      "version": "0.0.29",
      "resolved": "https://plangrid.jfrog.io/plangrid/api/npm/npm/@types/filewriter/-/filewriter-0.0.29.tgz",
      "integrity": "sha1-pIeV7K35V/bA0Q4MNK+GwJj6W+4="
    },
    "@types/har-format": {
      "version": "1.2.6",
      "resolved": "https://plangrid.jfrog.io/plangrid/api/npm/npm/@types/har-format/-/har-format-1.2.6.tgz",
      "integrity": "sha1-RxyDrN9qLqQpYg2u5MbcF4Sg6F8="
    },
    "webext-additional-permissions": {
      "version": "2.0.1",
      "resolved": "https://plangrid.jfrog.io/plangrid/api/npm/npm/webext-additional-permissions/-/webext-additional-permissions-2.0.1.tgz",
      "integrity": "sha1-cT5TmOZCGo2jPj4oLi67/gq2KtI=",
      "requires": {
        "@types/chrome": "0.0.128"
      }
    },
    "webext-detect-page": {
      "version": "2.0.6",
      "resolved": "https://plangrid.jfrog.io/plangrid/api/npm/npm/webext-detect-page/-/webext-detect-page-2.0.6.tgz",
      "integrity": "sha1-260lDeO46Cz2lOaEdB0A5axVh+8="
    },
    "webext-domain-permission-toggle": {
      "version": "2.1.0",
      "resolved": "https://plangrid.jfrog.io/plangrid/api/npm/npm/webext-domain-permission-toggle/-/webext-domain-permission-toggle-2.1.0.tgz",
      "integrity": "sha1-4Xj/bp4fuHp0qguYnesefdDu01c=",
      "requires": {
        "webext-additional-permissions": "^2.0.1",
        "webext-detect-page": "^2.0.6",
        "webext-patterns": "^1.0.0",
        "webext-polyfill-kinda": "^0.0.2"
      }
    },
    "webext-patterns": {
      "version": "1.0.0",
      "resolved": "https://plangrid.jfrog.io/plangrid/api/npm/npm/webext-patterns/-/webext-patterns-1.0.0.tgz",
      "integrity": "sha1-1nR5i3Jnzq7B9sPmKHAXx7oaoeU="
    },
    "webext-polyfill-kinda": {
      "version": "0.0.2",
      "resolved": "https://plangrid.jfrog.io/plangrid/api/npm/npm/webext-polyfill-kinda/-/webext-polyfill-kinda-0.0.2.tgz",
      "integrity": "sha1-SeUjXGo4b5TtOuWoyltCqMCId04="
    }
  }
}
